{
  "name": "jsonapi-kotlin",
  "version": "0.2.4-SNAPSHOT",
  "lockfileVersion": 3,
  "requires": true,
  "packages": {
    "": {
      "name": "jsonapi-kotlin",
      "version": "0.2.4-SNAPSHOT",
      "workspaces": [
        "packages/jsonapi-kotlin-jsonapi",
        "packages/jsonapi-kotlin-jsonapi-test"
      ],
      "devDependencies": {}
    },
    "node_modules/jsonapi-kotlin-jsonapi": {
      "resolved": "packages/jsonapi-kotlin-jsonapi",
      "link": true
    },
    "node_modules/jsonapi-kotlin-jsonapi-test": {
      "resolved": "packages/jsonapi-kotlin-jsonapi-test",
      "link": true
    },
    "packages/jsonapi-kotlin-jsonapi": {
      "version": "0.2.4-SNAPSHOT",
      "devDependencies": {}
    },
    "packages/jsonapi-kotlin-jsonapi-test": {
      "version": "0.2.4-SNAPSHOT",
      "devDependencies": {}
    }
  }
}
